// !$*UTF8*$!
{
	archiveVersion = 1;
	classes = {
	};
	objectVersion = 46;
	objects = {

/* Begin PBXBuildFile section */
		A263A9271D22148200AB1AF7 /* Default-568h@2x.png in Resources */ = {isa = PBXBuildFile; fileRef = A263A9261D22148200AB1AF7 /* Default-568h@2x.png */; };
		A2C0F9C61D2033DF00B12CFB /* AppDelegate.swift in Sources */ = {isa = PBXBuildFile; fileRef = A2C0F9C51D2033DF00B12CFB /* AppDelegate.swift */; };
		A2C0F9C81D2033DF00B12CFB /* HomeViewController.swift in Sources */ = {isa = PBXBuildFile; fileRef = A2C0F9C71D2033DF00B12CFB /* HomeViewController.swift */; };
		A2C0F9CB1D2033DF00B12CFB /* Main.storyboard in Resources */ = {isa = PBXBuildFile; fileRef = A2C0F9C91D2033DF00B12CFB /* Main.storyboard */; };
		A2C0F9CD1D2033DF00B12CFB /* Assets.xcassets in Resources */ = {isa = PBXBuildFile; fileRef = A2C0F9CC1D2033DF00B12CFB /* Assets.xcassets */; };
		A2C0F9D01D2033DF00B12CFB /* LaunchScreen.storyboard in Resources */ = {isa = PBXBuildFile; fileRef = A2C0F9CE1D2033DF00B12CFB /* LaunchScreen.storyboard */; };
		A2E029C61D207A68000665B6 /* CollectionViewCell.swift in Sources */ = {isa = PBXBuildFile; fileRef = A2E029C51D207A68000665B6 /* CollectionViewCell.swift */; };
		A2E029C81D207AE8000665B6 /* OutfitViewController.swift in Sources */ = {isa = PBXBuildFile; fileRef = A2E029C71D207AE8000665B6 /* OutfitViewController.swift */; };
		A2E029CB1D2090CB000665B6 /* Realm.framework in Frameworks */ = {isa = PBXBuildFile; fileRef = A2E029C91D2090CB000665B6 /* Realm.framework */; };
		A2E029CC1D2090CB000665B6 /* Realm.framework in Embed Frameworks */ = {isa = PBXBuildFile; fileRef = A2E029C91D2090CB000665B6 /* Realm.framework */; settings = {ATTRIBUTES = (CodeSignOnCopy, RemoveHeadersOnCopy, ); }; };
		A2E029CD1D2090CB000665B6 /* RealmSwift.framework in Frameworks */ = {isa = PBXBuildFile; fileRef = A2E029CA1D2090CB000665B6 /* RealmSwift.framework */; };
		A2E029CE1D2090CB000665B6 /* RealmSwift.framework in Embed Frameworks */ = {isa = PBXBuildFile; fileRef = A2E029CA1D2090CB000665B6 /* RealmSwift.framework */; settings = {ATTRIBUTES = (CodeSignOnCopy, RemoveHeadersOnCopy, ); }; };
		A2E029D31D20941B000665B6 /* Outfit.swift in Sources */ = {isa = PBXBuildFile; fileRef = A2E029D21D20941B000665B6 /* Outfit.swift */; };
		A2E029D51D209467000665B6 /* RealmHelper.swift in Sources */ = {isa = PBXBuildFile; fileRef = A2E029D41D209467000665B6 /* RealmHelper.swift */; };
		A2F684E51D20382700C72615 /* LibraryViewController.swift in Sources */ = {isa = PBXBuildFile; fileRef = A2F684E41D20382700C72615 /* LibraryViewController.swift */; };
		A2F684E71D203AAC00C72615 /* PhotoTakingHelper.swift in Sources */ = {isa = PBXBuildFile; fileRef = A2F684E61D203AAC00C72615 /* PhotoTakingHelper.swift */; };
/* End PBXBuildFile section */

/* Begin PBXCopyFilesBuildPhase section */
		A2E029CF1D2090CB000665B6 /* Embed Frameworks */ = {
			isa = PBXCopyFilesBuildPhase;
			buildActionMask = 2147483647;
			dstPath = "";
			dstSubfolderSpec = 10;
			files = (
				A2E029CE1D2090CB000665B6 /* RealmSwift.framework in Embed Frameworks */,
				A2E029CC1D2090CB000665B6 /* Realm.framework in Embed Frameworks */,
			);
			name = "Embed Frameworks";
			runOnlyForDeploymentPostprocessing = 0;
		};
/* End PBXCopyFilesBuildPhase section */

/* Begin PBXFileReference section */
		A263A9261D22148200AB1AF7 /* Default-568h@2x.png */ = {isa = PBXFileReference; lastKnownFileType = image.png; name = "Default-568h@2x.png"; path = "../Default-568h@2x.png"; sourceTree = "<group>"; };
		A2C0F9C21D2033DF00B12CFB /* Outmix.app */ = {isa = PBXFileReference; explicitFileType = wrapper.application; includeInIndex = 0; path = Outmix.app; sourceTree = BUILT_PRODUCTS_DIR; };
		A2C0F9C51D2033DF00B12CFB /* AppDelegate.swift */ = {isa = PBXFileReference; lastKnownFileType = sourcecode.swift; path = AppDelegate.swift; sourceTree = "<group>"; };
		A2C0F9C71D2033DF00B12CFB /* HomeViewController.swift */ = {isa = PBXFileReference; lastKnownFileType = sourcecode.swift; path = HomeViewController.swift; sourceTree = "<group>"; };
		A2C0F9CA1D2033DF00B12CFB /* Base */ = {isa = PBXFileReference; lastKnownFileType = file.storyboard; name = Base; path = Base.lproj/Main.storyboard; sourceTree = "<group>"; };
		A2C0F9CC1D2033DF00B12CFB /* Assets.xcassets */ = {isa = PBXFileReference; lastKnownFileType = folder.assetcatalog; path = Assets.xcassets; sourceTree = "<group>"; };
		A2C0F9CF1D2033DF00B12CFB /* Base */ = {isa = PBXFileReference; lastKnownFileType = file.storyboard; name = Base; path = Base.lproj/LaunchScreen.storyboard; sourceTree = "<group>"; };
		A2C0F9D11D2033DF00B12CFB /* Info.plist */ = {isa = PBXFileReference; lastKnownFileType = text.plist.xml; path = Info.plist; sourceTree = "<group>"; };
		A2E029C51D207A68000665B6 /* CollectionViewCell.swift */ = {isa = PBXFileReference; fileEncoding = 4; lastKnownFileType = sourcecode.swift; path = CollectionViewCell.swift; sourceTree = "<group>"; };
		A2E029C71D207AE8000665B6 /* OutfitViewController.swift */ = {isa = PBXFileReference; fileEncoding = 4; lastKnownFileType = sourcecode.swift; path = OutfitViewController.swift; sourceTree = "<group>"; };
		A2E029C91D2090CB000665B6 /* Realm.framework */ = {isa = PBXFileReference; lastKnownFileType = wrapper.framework; path = Realm.framework; sourceTree = "<group>"; };
		A2E029CA1D2090CB000665B6 /* RealmSwift.framework */ = {isa = PBXFileReference; lastKnownFileType = wrapper.framework; path = RealmSwift.framework; sourceTree = "<group>"; };
		A2E029D21D20941B000665B6 /* Outfit.swift */ = {isa = PBXFileReference; fileEncoding = 4; lastKnownFileType = sourcecode.swift; path = Outfit.swift; sourceTree = "<group>"; };
		A2E029D41D209467000665B6 /* RealmHelper.swift */ = {isa = PBXFileReference; fileEncoding = 4; lastKnownFileType = sourcecode.swift; path = RealmHelper.swift; sourceTree = "<group>"; };
		A2F684E41D20382700C72615 /* LibraryViewController.swift */ = {isa = PBXFileReference; fileEncoding = 4; lastKnownFileType = sourcecode.swift; path = LibraryViewController.swift; sourceTree = "<group>"; };
		A2F684E61D203AAC00C72615 /* PhotoTakingHelper.swift */ = {isa = PBXFileReference; fileEncoding = 4; lastKnownFileType = sourcecode.swift; path = PhotoTakingHelper.swift; sourceTree = "<group>"; };
/* End PBXFileReference section */

/* Begin PBXFrameworksBuildPhase section */
		A2C0F9BF1D2033DF00B12CFB /* Frameworks */ = {
			isa = PBXFrameworksBuildPhase;
			buildActionMask = 2147483647;
			files = (
				A2E029CD1D2090CB000665B6 /* RealmSwift.framework in Frameworks */,
				A2E029CB1D2090CB000665B6 /* Realm.framework in Frameworks */,
			);
			runOnlyForDeploymentPostprocessing = 0;
		};
/* End PBXFrameworksBuildPhase section */

/* Begin PBXGroup section */
		A2C0F9B91D2033DF00B12CFB = {
			isa = PBXGroup;
			children = (
				A2E029C91D2090CB000665B6 /* Realm.framework */,
				A2E029CA1D2090CB000665B6 /* RealmSwift.framework */,
				A2C0F9C41D2033DF00B12CFB /* Outmix */,
				A2C0F9C31D2033DF00B12CFB /* Products */,
			);
			sourceTree = "<group>";
		};
		A2C0F9C31D2033DF00B12CFB /* Products */ = {
			isa = PBXGroup;
			children = (
				A2C0F9C21D2033DF00B12CFB /* Outmix.app */,
			);
			name = Products;
			sourceTree = "<group>";
		};
		A2C0F9C41D2033DF00B12CFB /* Outmix */ = {
			isa = PBXGroup;
			children = (
				A2C0F9C51D2033DF00B12CFB /* AppDelegate.swift */,
				A2E029C51D207A68000665B6 /* CollectionViewCell.swift */,
				A2F684EB1D203E6B00C72615 /* ViewControllers */,
				A2F684EA1D203E6400C72615 /* Models */,
				A2C0F9C91D2033DF00B12CFB /* Main.storyboard */,
				A2C0F9CC1D2033DF00B12CFB /* Assets.xcassets */,
				A263A9261D22148200AB1AF7 /* Default-568h@2x.png */,
				A2C0F9CE1D2033DF00B12CFB /* LaunchScreen.storyboard */,
				A2C0F9D11D2033DF00B12CFB /* Info.plist */,
			);
			path = Outmix;
			sourceTree = "<group>";
		};
		A2F684EA1D203E6400C72615 /* Models */ = {
			isa = PBXGroup;
			children = (
				A2F684E61D203AAC00C72615 /* PhotoTakingHelper.swift */,
				A2E029D21D20941B000665B6 /* Outfit.swift */,
				A2E029D41D209467000665B6 /* RealmHelper.swift */,
			);
			name = Models;
			sourceTree = "<group>";
		};
		A2F684EB1D203E6B00C72615 /* ViewControllers */ = {
			isa = PBXGroup;
			children = (
				A2C0F9C71D2033DF00B12CFB /* HomeViewController.swift */,
				A2F684E41D20382700C72615 /* LibraryViewController.swift */,
				A2E029C71D207AE8000665B6 /* OutfitViewController.swift */,
			);
			name = ViewControllers;
			sourceTree = "<group>";
		};
/* End PBXGroup section */

/* Begin PBXNativeTarget section */
		A2C0F9C11D2033DF00B12CFB /* Outmix */ = {
			isa = PBXNativeTarget;
			buildConfigurationList = A2C0F9D41D2033DF00B12CFB /* Build configuration list for PBXNativeTarget "Outmix" */;
			buildPhases = (
				A2C0F9BE1D2033DF00B12CFB /* Sources */,
				A2C0F9BF1D2033DF00B12CFB /* Frameworks */,
				A2C0F9C01D2033DF00B12CFB /* Resources */,
				A2E029CF1D2090CB000665B6 /* Embed Frameworks */,
				A263A9281D2217EF00AB1AF7 /* ShellScript */,
			);
			buildRules = (
			);
			dependencies = (
			);
			name = Outmix;
			productName = Outmix;
			productReference = A2C0F9C21D2033DF00B12CFB /* Outmix.app */;
			productType = "com.apple.product-type.application";
		};
/* End PBXNativeTarget section */

/* Begin PBXProject section */
		A2C0F9BA1D2033DF00B12CFB /* Project object */ = {
			isa = PBXProject;
			attributes = {
				LastSwiftUpdateCheck = 0730;
				LastUpgradeCheck = 0730;
				ORGANIZATIONNAME = "Bryan Ye";
				TargetAttributes = {
					A2C0F9C11D2033DF00B12CFB = {
						CreatedOnToolsVersion = 7.3.1;
						DevelopmentTeam = WZ4NEVB3RP;
					};
				};
			};
			buildConfigurationList = A2C0F9BD1D2033DF00B12CFB /* Build configuration list for PBXProject "Outmix" */;
			compatibilityVersion = "Xcode 3.2";
			developmentRegion = English;
			hasScannedForEncodings = 0;
			knownRegions = (
				en,
				Base,
			);
			mainGroup = A2C0F9B91D2033DF00B12CFB;
			productRefGroup = A2C0F9C31D2033DF00B12CFB /* Products */;
			projectDirPath = "";
			projectRoot = "";
			targets = (
				A2C0F9C11D2033DF00B12CFB /* Outmix */,
			);
		};
/* End PBXProject section */

/* Begin PBXResourcesBuildPhase section */
		A2C0F9C01D2033DF00B12CFB /* Resources */ = {
			isa = PBXResourcesBuildPhase;
			buildActionMask = 2147483647;
			files = (
				A2C0F9D01D2033DF00B12CFB /* LaunchScreen.storyboard in Resources */,
				A263A9271D22148200AB1AF7 /* Default-568h@2x.png in Resources */,
				A2C0F9CD1D2033DF00B12CFB /* Assets.xcassets in Resources */,
				A2C0F9CB1D2033DF00B12CFB /* Main.storyboard in Resources */,
			);
			runOnlyForDeploymentPostprocessing = 0;
		};
/* End PBXResourcesBuildPhase section */

/* Begin PBXShellScriptBuildPhase section */
		A263A9281D2217EF00AB1AF7 /* ShellScript */ = {
			isa = PBXShellScriptBuildPhase;
			buildActionMask = 2147483647;
			files = (
			);
			inputPaths = (
			);
			outputPaths = (
			);
			runOnlyForDeploymentPostprocessing = 0;
			shellPath = /bin/sh;
			shellScript = "APP_PATH=\"${TARGET_BUILD_DIR}/${WRAPPER_NAME}\"\n\n# This script loops through the frameworks embedded in the application and\n# removes unused architectures.\nfind \"$APP_PATH\" -name '*.framework' -type d | while read -r FRAMEWORK\ndo\nFRAMEWORK_EXECUTABLE_NAME=$(defaults read \"$FRAMEWORK/Info.plist\" CFBundleExecutable)\nFRAMEWORK_EXECUTABLE_PATH=\"$FRAMEWORK/$FRAMEWORK_EXECUTABLE_NAME\"\necho \"Executable is $FRAMEWORK_EXECUTABLE_PATH\"\n\nEXTRACTED_ARCHS=()\n\nfor ARCH in $ARCHS\ndo\necho \"Extracting $ARCH from $FRAMEWORK_EXECUTABLE_NAME\"\nlipo -extract \"$ARCH\" \"$FRAMEWORK_EXECUTABLE_PATH\" -o \"$FRAMEWORK_EXECUTABLE_PATH-$ARCH\"\nEXTRACTED_ARCHS+=(\"$FRAMEWORK_EXECUTABLE_PATH-$ARCH\")\ndone\n\necho \"Merging extracted architectures: ${ARCHS}\"\nlipo -o \"$FRAMEWORK_EXECUTABLE_PATH-merged\" -create \"${EXTRACTED_ARCHS[@]}\"\nrm \"${EXTRACTED_ARCHS[@]}\"\n\necho \"Replacing original executable with thinned version\"\nrm \"$FRAMEWORK_EXECUTABLE_PATH\"\nmv \"$FRAMEWORK_EXECUTABLE_PATH-merged\" \"$FRAMEWORK_EXECUTABLE_PATH\"\n\ndone";
		};
/* End PBXShellScriptBuildPhase section */

/* Begin PBXSourcesBuildPhase section */
		A2C0F9BE1D2033DF00B12CFB /* Sources */ = {
			isa = PBXSourcesBuildPhase;
			buildActionMask = 2147483647;
			files = (
				A2C0F9C81D2033DF00B12CFB /* HomeViewController.swift in Sources */,
				A2F684E51D20382700C72615 /* LibraryViewController.swift in Sources */,
				A2E029C61D207A68000665B6 /* CollectionViewCell.swift in Sources */,
				A2F684E71D203AAC00C72615 /* PhotoTakingHelper.swift in Sources */,
				A2E029C81D207AE8000665B6 /* OutfitViewController.swift in Sources */,
				A2E029D51D209467000665B6 /* RealmHelper.swift in Sources */,
				A2C0F9C61D2033DF00B12CFB /* AppDelegate.swift in Sources */,
				A2E029D31D20941B000665B6 /* Outfit.swift in Sources */,
			);
			runOnlyForDeploymentPostprocessing = 0;
		};
/* End PBXSourcesBuildPhase section */

/* Begin PBXVariantGroup section */
		A2C0F9C91D2033DF00B12CFB /* Main.storyboard */ = {
			isa = PBXVariantGroup;
			children = (
				A2C0F9CA1D2033DF00B12CFB /* Base */,
			);
			name = Main.storyboard;
			sourceTree = "<group>";
		};
		A2C0F9CE1D2033DF00B12CFB /* LaunchScreen.storyboard */ = {
			isa = PBXVariantGroup;
			children = (
				A2C0F9CF1D2033DF00B12CFB /* Base */,
			);
			name = LaunchScreen.storyboard;
			sourceTree = "<group>";
		};
/* End PBXVariantGroup section */

/* Begin XCBuildConfiguration section */
		A2C0F9D21D2033DF00B12CFB /* Debug */ = {
			isa = XCBuildConfiguration;
			buildSettings = {
				ALWAYS_SEARCH_USER_PATHS = NO;
				CLANG_ANALYZER_NONNULL = YES;
				CLANG_CXX_LANGUAGE_STANDARD = "gnu++0x";
				CLANG_CXX_LIBRARY = "libc++";
				CLANG_ENABLE_MODULES = YES;
				CLANG_ENABLE_OBJC_ARC = YES;
				CLANG_WARN_BOOL_CONVERSION = YES;
				CLANG_WARN_CONSTANT_CONVERSION = YES;
				CLANG_WARN_DIRECT_OBJC_ISA_USAGE = YES_ERROR;
				CLANG_WARN_EMPTY_BODY = YES;
				CLANG_WARN_ENUM_CONVERSION = YES;
				CLANG_WARN_INT_CONVERSION = YES;
				CLANG_WARN_OBJC_ROOT_CLASS = YES_ERROR;
				CLANG_WARN_UNREACHABLE_CODE = YES;
				CLANG_WARN__DUPLICATE_METHOD_MATCH = YES;
				"CODE_SIGN_IDENTITY[sdk=iphoneos*]" = "iPhone Developer";
				COPY_PHASE_STRIP = NO;
				DEBUG_INFORMATION_FORMAT = dwarf;
				ENABLE_STRICT_OBJC_MSGSEND = YES;
				ENABLE_TESTABILITY = YES;
				GCC_C_LANGUAGE_STANDARD = gnu99;
				GCC_DYNAMIC_NO_PIC = NO;
				GCC_NO_COMMON_BLOCKS = YES;
				GCC_OPTIMIZATION_LEVEL = 0;
				GCC_PREPROCESSOR_DEFINITIONS = (
					"DEBUG=1",
					"$(inherited)",
				);
				GCC_WARN_64_TO_32_BIT_CONVERSION = YES;
				GCC_WARN_ABOUT_RETURN_TYPE = YES_ERROR;
				GCC_WARN_UNDECLARED_SELECTOR = YES;
				GCC_WARN_UNINITIALIZED_AUTOS = YES_AGGRESSIVE;
				GCC_WARN_UNUSED_FUNCTION = YES;
				GCC_WARN_UNUSED_VARIABLE = YES;
				IPHONEOS_DEPLOYMENT_TARGET = 9.3;
				MTL_ENABLE_DEBUG_INFO = YES;
				ONLY_ACTIVE_ARCH = YES;
				SDKROOT = iphoneos;
				SWIFT_OPTIMIZATION_LEVEL = "-Onone";
			};
			name = Debug;
		};
		A2C0F9D31D2033DF00B12CFB /* Release */ = {
			isa = XCBuildConfiguration;
			buildSettings = {
				ALWAYS_SEARCH_USER_PATHS = NO;
				CLANG_ANALYZER_NONNULL = YES;
				CLANG_CXX_LANGUAGE_STANDARD = "gnu++0x";
				CLANG_CXX_LIBRARY = "libc++";
				CLANG_ENABLE_MODULES = YES;
				CLANG_ENABLE_OBJC_ARC = YES;
				CLANG_WARN_BOOL_CONVERSION = YES;
				CLANG_WARN_CONSTANT_CONVERSION = YES;
				CLANG_WARN_DIRECT_OBJC_ISA_USAGE = YES_ERROR;
				CLANG_WARN_EMPTY_BODY = YES;
				CLANG_WARN_ENUM_CONVERSION = YES;
				CLANG_WARN_INT_CONVERSION = YES;
				CLANG_WARN_OBJC_ROOT_CLASS = YES_ERROR;
				CLANG_WARN_UNREACHABLE_CODE = YES;
				CLANG_WARN__DUPLICATE_METHOD_MATCH = YES;
				"CODE_SIGN_IDENTITY[sdk=iphoneos*]" = "iPhone Developer";
				COPY_PHASE_STRIP = NO;
				DEBUG_INFORMATION_FORMAT = "dwarf-with-dsym";
				ENABLE_NS_ASSERTIONS = NO;
				ENABLE_STRICT_OBJC_MSGSEND = YES;
				GCC_C_LANGUAGE_STANDARD = gnu99;
				GCC_NO_COMMON_BLOCKS = YES;
				GCC_WARN_64_TO_32_BIT_CONVERSION = YES;
				GCC_WARN_ABOUT_RETURN_TYPE = YES_ERROR;
				GCC_WARN_UNDECLARED_SELECTOR = YES;
				GCC_WARN_UNINITIALIZED_AUTOS = YES_AGGRESSIVE;
				GCC_WARN_UNUSED_FUNCTION = YES;
				GCC_WARN_UNUSED_VARIABLE = YES;
				IPHONEOS_DEPLOYMENT_TARGET = 9.3;
				MTL_ENABLE_DEBUG_INFO = NO;
				SDKROOT = iphoneos;
				VALIDATE_PRODUCT = YES;
			};
			name = Release;
		};
		A2C0F9D51D2033DF00B12CFB /* Debug */ = {
			isa = XCBuildConfiguration;
			buildSettings = {
				ASSETCATALOG_COMPILER_APPICON_NAME = AppIcon;
				CODE_SIGN_IDENTITY = "iPhone Developer";
				FRAMEWORK_SEARCH_PATHS = (
					"$(inherited)",
					"$(PROJECT_DIR)",
					RealmSwift.framework,
				);
				INFOPLIST_FILE = Outmix/Info.plist;
				LD_RUNPATH_SEARCH_PATHS = "$(inherited) @executable_path/Frameworks";
				PRODUCT_BUNDLE_IDENTIFIER = com.bryanye.Outmix;
				PRODUCT_NAME = "$(TARGET_NAME)";
			};
			name = Debug;
		};
		A2C0F9D61D2033DF00B12CFB /* Release */ = {
			isa = XCBuildConfiguration;
			buildSettings = {
				ASSETCATALOG_COMPILER_APPICON_NAME = AppIcon;
				CODE_SIGN_IDENTITY = "iPhone Developer";
				FRAMEWORK_SEARCH_PATHS = (
					"$(inherited)",
					"$(PROJECT_DIR)",
					RealmSwift.framework,
				);
				INFOPLIST_FILE = Outmix/Info.plist;
				LD_RUNPATH_SEARCH_PATHS = "$(inherited) @executable_path/Frameworks";
				PRODUCT_BUNDLE_IDENTIFIER = com.bryanye.Outmix;
				PRODUCT_NAME = "$(TARGET_NAME)";
			};
			name = Release;
		};
/* End XCBuildConfiguration section */

/* Begin XCConfigurationList section */
		A2C0F9BD1D2033DF00B12CFB /* Build configuration list for PBXProject "Outmix" */ = {
			isa = XCConfigurationList;
			buildConfigurations = (
				A2C0F9D21D2033DF00B12CFB /* Debug */,
				A2C0F9D31D2033DF00B12CFB /* Release */,
			);
			defaultConfigurationIsVisible = 0;
			defaultConfigurationName = Release;
		};
		A2C0F9D41D2033DF00B12CFB /* Build configuration list for PBXNativeTarget "Outmix" */ = {
			isa = XCConfigurationList;
			buildConfigurations = (
				A2C0F9D51D2033DF00B12CFB /* Debug */,
				A2C0F9D61D2033DF00B12CFB /* Release */,
			);
			defaultConfigurationIsVisible = 0;
			defaultConfigurationName = Release;
		};
/* End XCConfigurationList section */
	};
	rootObject = A2C0F9BA1D2033DF00B12CFB /* Project object */;
}
